Microsoft Visual Studio Solution File, Format Version 12.00
# Visual Studio Version 17
VisualStudioVersion = 17.0.31903.59
MinimumVisualStudioVersion = 10.0.40219.1
Project("{FAE04EC0-301F-11D3-BF4B-00C04F79EFBC}") = "King.Nexa.Platform", "King.Nexa.Platform\King.Nexa.Platform.csproj", "{F4E2DB48-33D7-45E3-B870-9E8494C045B9}"
EndProject
Global
	GlobalSection(SolutionConfigurationPlatforms) = preSolution
		Debug|Any CPU = Debug|Any CPU
		Release|Any CPU = Release|Any CPU
	EndGlobalSection
	GlobalSection(ProjectConfigurationPlatforms) = postSolution
		{F4E2DB48-33D7-45E3-B870-9E8494C045B9}.Debug|Any CPU.ActiveCfg = Debug|Any CPU
		{F4E2DB48-33D7-45E3-B870-9E8494C045B9}.Debug|Any CPU.Build.0 = Debug|Any CPU
		{F4E2DB48-33D7-45E3-B870-9E8494C045B9}.Release|Any CPU.ActiveCfg = Release|Any CPU
		{F4E2DB48-33D7-45E3-B870-9E8494C045B9}.Release|Any CPU.Build.0 = Release|Any CPU
	EndGlobalSection
EndGlobal
